
Microsoft Visual Studio Solution File, Format Version 12.00
# Visual Studio Version 17
VisualStudioVersion = 17.5.33414.496
MinimumVisualStudioVersion = 10.0.40219.1
Project("{888888A0-9F3D-457C-B088-3A5042F75D52}") = "HelloApp", "HelloApp.pyproj", "{58B3B717-E595-47F4-BFD5-C1356A8548F1}"
EndProject
Global
	GlobalSection(SolutionConfigurationPlatforms) = preSolution
		Debug|Any CPU = Debug|Any CPU
		Release|Any CPU = Release|Any CPU
	EndGlobalSection
	GlobalSection(ProjectConfigurationPlatforms) = postSolution
		{58B3B717-E595-47F4-BFD5-C1356A8548F1}.Debug|Any CPU.ActiveCfg = Debug|Any CPU
		{58B3B717-E595-47F4-BFD5-C1356A8548F1}.Release|Any CPU.ActiveCfg = Release|Any CPU
	EndGlobalSection
	GlobalSection(SolutionProperties) = preSolution
		HideSolutionNode = FALSE
	EndGlobalSection
	GlobalSection(ExtensibilityGlobals) = postSolution
		SolutionGuid = {36BE09FA-324C-403F-B085-F30D998FE544}
	EndGlobalSection
EndGlobal
